
Microsoft Visual Studio Solution File, Format Version 12.00
# Visual Studio 15
VisualStudioVersion = 15.0.27703.2042
MinimumVisualStudioVersion = 10.0.40219.1
Project("{159641D6-6404-4A2A-AE62-294DE0FE8301}") = "ESFA.DC.Data.Postcodes.SSIS", "ESFA.DC.Data.Postcodes.SSIS\ESFA.DC.Data.Postcodes.SSIS.dtproj", "{5DBC3ED4-AB45-4ADD-A910-58630CB8BCD8}"
EndProject
Global
	GlobalSection(SolutionConfigurationPlatforms) = preSolution
		Development|Default = Development|Default
	EndGlobalSection
	GlobalSection(ProjectConfigurationPlatforms) = postSolution
		{5DBC3ED4-AB45-4ADD-A910-58630CB8BCD8}.Development|Default.ActiveCfg = Development
		{5DBC3ED4-AB45-4ADD-A910-58630CB8BCD8}.Development|Default.Build.0 = Development
	EndGlobalSection
	GlobalSection(SolutionProperties) = preSolution
		HideSolutionNode = FALSE
	EndGlobalSection
	GlobalSection(ExtensibilityGlobals) = postSolution
		SolutionGuid = {34A20618-3303-45EE-98B2-7E1B517FF258}
	EndGlobalSection
EndGlobal
